
Microsoft Visual Studio Solution File, Format Version 12.00
# Visual Studio Version 16
VisualStudioVersion = 16.0.29613.14
MinimumVisualStudioVersion = 10.0.40219.1
Project("{FAE04EC0-301F-11D3-BF4B-00C04F79EFBC}") = "SingletonDemo", "SingletonDemo\SingletonDemo.csproj", "{AA31C054-E447-4E3C-8C34-330EDB3B7C66}"
EndProject
Project("{FAE04EC0-301F-11D3-BF4B-00C04F79EFBC}") = "ProtoTypeDemo", "ProtoTypeDemo\ProtoTypeDemo.csproj", "{95EC2A33-182D-4A80-9C15-0D8FFF19A642}"
EndProject
Project("{FAE04EC0-301F-11D3-BF4B-00C04F79EFBC}") = "AdapterDemo", "AdapterDemo\AdapterDemo.csproj", "{F44BF30D-77CA-4067-80D1-60BE91C6A79B}"
EndProject
Project("{FAE04EC0-301F-11D3-BF4B-00C04F79EFBC}") = "BridgeDemo", "BridgeDemo\BridgeDemo.csproj", "{AA99D181-56BE-4120-81C6-5FD885EB051D}"
EndProject
Project("{FAE04EC0-301F-11D3-BF4B-00C04F79EFBC}") = "CompositeDemo", "CompositeDemo\CompositeDemo.csproj", "{47BF8E00-3711-425D-A945-B273743A9865}"
EndProject
Project("{FAE04EC0-301F-11D3-BF4B-00C04F79EFBC}") = "DecoratorDemo", "DecoratorDemo\DecoratorDemo.csproj", "{D74ED680-E7D4-4514-BF36-182DEDD39BA7}"
EndProject
Project("{FAE04EC0-301F-11D3-BF4B-00C04F79EFBC}") = "FacadeDemo", "FacadeDemo\FacadeDemo.csproj", "{67006F9C-C1F3-494F-952C-248136B2587B}"
EndProject
Project("{FAE04EC0-301F-11D3-BF4B-00C04F79EFBC}") = "FactoryDemo", "FactoryPatternDemo\FactoryDemo.csproj", "{E76BA304-02C3-44C3-B31E-14110D81F2A0}"
EndProject
Project("{FAE04EC0-301F-11D3-BF4B-00C04F79EFBC}") = "FactoryMethodDemo", "FactoryMethodPatternDemo\FactoryMethodDemo.csproj", "{CED33EAE-267B-488A-A20C-64287F4C2424}"
EndProject
Project("{FAE04EC0-301F-11D3-BF4B-00C04F79EFBC}") = "AbstractFactoryDemo", "AbstractFactoryPatternDemo\AbstractFactoryDemo.csproj", "{6E976290-6DA9-4A8B-9BB8-39063ACFDFF9}"
EndProject
Project("{FAE04EC0-301F-11D3-BF4B-00C04F79EFBC}") = "BuilderDemo", "BuilderDemo\BuilderDemo.csproj", "{BA64B2D6-3F1A-427B-92A8-B7B6FE828DF1}"
EndProject
Project("{FAE04EC0-301F-11D3-BF4B-00C04F79EFBC}") = "BuilderWithEgDemo", "BuilderWithEgDemo\BuilderWithEgDemo.csproj", "{EA232233-FC7B-4CA1-A2F1-0553FC1B7798}"
EndProject
Project("{FAE04EC0-301F-11D3-BF4B-00C04F79EFBC}") = "FluentInterfaceDemo", "FluentInterfaceDemo\FluentInterfaceDemo.csproj", "{5D7BB4AE-D463-4C8F-AB9A-BAA827ED969A}"
EndProject
Project("{FAE04EC0-301F-11D3-BF4B-00C04F79EFBC}") = "PrototypeDemo2", "Prototype2Demo\PrototypeDemo2.csproj", "{219A304C-1EEA-4214-AF2A-B3FD264DCF86}"
EndProject
Project("{FAE04EC0-301F-11D3-BF4B-00C04F79EFBC}") = "AdapterDemo2", "AdapterDemo2\AdapterDemo2.csproj", "{ACF8144F-99C3-45E4-AC57-4E3AEE7B37E7}"
EndProject
Project("{FAE04EC0-301F-11D3-BF4B-00C04F79EFBC}") = "AdapterDemo3", "AdapterDemo3\AdapterDemo3.csproj", "{81FD46EB-71D8-4012-B236-37B866A9CAE3}"
EndProject
Project("{FAE04EC0-301F-11D3-BF4B-00C04F79EFBC}") = "FacadeDemo2", "FacadeDemo2\FacadeDemo2.csproj", "{3DCAB7AB-5B34-4102-90F8-E22BADCF4206}"
EndProject
Project("{FAE04EC0-301F-11D3-BF4B-00C04F79EFBC}") = "DecoratorDemo2", "DecoratorDemo2\DecoratorDemo2.csproj", "{E32BE813-FDA5-483D-A4D5-B4CF7AB88EC3}"
EndProject
Project("{FAE04EC0-301F-11D3-BF4B-00C04F79EFBC}") = "BridgeDemo2", "BridgeDemo2\BridgeDemo2.csproj", "{987A4A30-DDA9-4A42-B018-709211F1D42D}"
EndProject
Project("{FAE04EC0-301F-11D3-BF4B-00C04F79EFBC}") = "BridgeDemo3", "BridgeDemo3\BridgeDemo3.csproj", "{BEC23B2F-8B76-4AE0-933D-CAFAFA5C7783}"
EndProject
Project("{FAE04EC0-301F-11D3-BF4B-00C04F79EFBC}") = "CompositeDemo2", "CompositeDemo2\CompositeDemo2.csproj", "{96C9AB0B-E3BB-4FDD-89C7-5149DB387161}"
EndProject
Project("{FAE04EC0-301F-11D3-BF4B-00C04F79EFBC}") = "ProxyDemo", "ProxyDemo\ProxyDemo.csproj", "{8DADFFC5-FCEF-4E78-8C9B-837B04979529}"
EndProject
Project("{FAE04EC0-301F-11D3-BF4B-00C04F79EFBC}") = "ProxyDemo2", "ProxyDemo2\ProxyDemo2.csproj", "{61206F6D-0556-4CD3-A862-0AB2F94B7099}"
EndProject
Project("{FAE04EC0-301F-11D3-BF4B-00C04F79EFBC}") = "FlyweightDemo", "FlyweightDemo\FlyweightDemo.csproj", "{5A8FB7B5-CF18-4F5C-B46C-95C9BAF8CF3D}"
EndProject
Project("{FAE04EC0-301F-11D3-BF4B-00C04F79EFBC}") = "RepositoryUsingEFinMVC", "RepositoryUsingEFinMVC\RepositoryUsingEFinMVC.csproj", "{4388F2E9-C6AB-4E1E-9FF3-32E1E0C4DD8E}"
EndProject
Project("{FAE04EC0-301F-11D3-BF4B-00C04F79EFBC}") = "ObserverDemo", "ObserverDemo\ObserverDemo.csproj", "{D7F055EC-6C68-41D9-8B71-219D3D372C43}"
EndProject
Project("{FAE04EC0-301F-11D3-BF4B-00C04F79EFBC}") = "ChainOfResponsibilityDemo", "ChainOfResponsibilityDemo\ChainOfResponsibilityDemo.csproj", "{0E513DFF-1DD5-4F0E-ACF0-8A46D74D9BD5}"
EndProject
Project("{FAE04EC0-301F-11D3-BF4B-00C04F79EFBC}") = "ChainOfResponsibilityDemo2", "ChainOfResponsibilityDemo2\ChainOfResponsibilityDemo2.csproj", "{6E470F8E-38B1-4CE4-A488-1E345E4D4EFD}"
EndProject
Project("{FAE04EC0-301F-11D3-BF4B-00C04F79EFBC}") = "StateDemo", "StateDemo\StateDemo.csproj", "{0C54AF88-E74E-419C-B0E7-FE364794BD9C}"
EndProject
Project("{FAE04EC0-301F-11D3-BF4B-00C04F79EFBC}") = "StateDemo2", "StateDemo2\StateDemo2.csproj", "{901F70E5-9298-4983-B8BF-2A0A81AE2BB3}"
EndProject
Project("{FAE04EC0-301F-11D3-BF4B-00C04F79EFBC}") = "TemplateMethodDemo", "TemplateMethodDemo\TemplateMethodDemo.csproj", "{3314DDA6-1C17-479D-851D-95685B778751}"
EndProject
Project("{FAE04EC0-301F-11D3-BF4B-00C04F79EFBC}") = "CommandDemo", "CommandDemo\CommandDemo.csproj", "{5E25F915-05E0-443C-920A-41614937FF4D}"
EndProject
Project("{FAE04EC0-301F-11D3-BF4B-00C04F79EFBC}") = "VisitorDemo", "VisitorDemo\VisitorDemo.csproj", "{9FD26B34-00D6-4EE5-90CE-FDA16F47EACC}"
EndProject
Project("{FAE04EC0-301F-11D3-BF4B-00C04F79EFBC}") = "StrategyDemo", "StrategyDemo\StrategyDemo.csproj", "{E523FCEF-E08D-43CD-A8F9-BE4225AC33AC}"
EndProject
Project("{FAE04EC0-301F-11D3-BF4B-00C04F79EFBC}") = "StrategyDemo2", "ITravelStrategyDemo\StrategyDemo2.csproj", "{20C4F81B-9BC0-426A-A233-A269D294AB80}"
EndProject
Global
	GlobalSection(SolutionConfigurationPlatforms) = preSolution
		Debug|Any CPU = Debug|Any CPU
		Release|Any CPU = Release|Any CPU
	EndGlobalSection
	GlobalSection(ProjectConfigurationPlatforms) = postSolution
		{AA31C054-E447-4E3C-8C34-330EDB3B7C66}.Debug|Any CPU.ActiveCfg = Debug|Any CPU
		{AA31C054-E447-4E3C-8C34-330EDB3B7C66}.Debug|Any CPU.Build.0 = Debug|Any CPU
		{AA31C054-E447-4E3C-8C34-330EDB3B7C66}.Release|Any CPU.ActiveCfg = Release|Any CPU
		{AA31C054-E447-4E3C-8C34-330EDB3B7C66}.Release|Any CPU.Build.0 = Release|Any CPU
		{95EC2A33-182D-4A80-9C15-0D8FFF19A642}.Debug|Any CPU.ActiveCfg = Debug|Any CPU
		{95EC2A33-182D-4A80-9C15-0D8FFF19A642}.Debug|Any CPU.Build.0 = Debug|Any CPU
		{95EC2A33-182D-4A80-9C15-0D8FFF19A642}.Release|Any CPU.ActiveCfg = Release|Any CPU
		{95EC2A33-182D-4A80-9C15-0D8FFF19A642}.Release|Any CPU.Build.0 = Release|Any CPU
		{F44BF30D-77CA-4067-80D1-60BE91C6A79B}.Debug|Any CPU.ActiveCfg = Debug|Any CPU
		{F44BF30D-77CA-4067-80D1-60BE91C6A79B}.Debug|Any CPU.Build.0 = Debug|Any CPU
		{F44BF30D-77CA-4067-80D1-60BE91C6A79B}.Release|Any CPU.ActiveCfg = Release|Any CPU
		{F44BF30D-77CA-4067-80D1-60BE91C6A79B}.Release|Any CPU.Build.0 = Release|Any CPU
		{AA99D181-56BE-4120-81C6-5FD885EB051D}.Debug|Any CPU.ActiveCfg = Debug|Any CPU
		{AA99D181-56BE-4120-81C6-5FD885EB051D}.Debug|Any CPU.Build.0 = Debug|Any CPU
		{AA99D181-56BE-4120-81C6-5FD885EB051D}.Release|Any CPU.ActiveCfg = Release|Any CPU
		{AA99D181-56BE-4120-81C6-5FD885EB051D}.Release|Any CPU.Build.0 = Release|Any CPU
		{47BF8E00-3711-425D-A945-B273743A9865}.Debug|Any CPU.ActiveCfg = Debug|Any CPU
		{47BF8E00-3711-425D-A945-B273743A9865}.Debug|Any CPU.Build.0 = Debug|Any CPU
		{47BF8E00-3711-425D-A945-B273743A9865}.Release|Any CPU.ActiveCfg = Release|Any CPU
		{47BF8E00-3711-425D-A945-B273743A9865}.Release|Any CPU.Build.0 = Release|Any CPU
		{D74ED680-E7D4-4514-BF36-182DEDD39BA7}.Debug|Any CPU.ActiveCfg = Debug|Any CPU
		{D74ED680-E7D4-4514-BF36-182DEDD39BA7}.Debug|Any CPU.Build.0 = Debug|Any CPU
		{D74ED680-E7D4-4514-BF36-182DEDD39BA7}.Release|Any CPU.ActiveCfg = Release|Any CPU
		{D74ED680-E7D4-4514-BF36-182DEDD39BA7}.Release|Any CPU.Build.0 = Release|Any CPU
		{67006F9C-C1F3-494F-952C-248136B2587B}.Debug|Any CPU.ActiveCfg = Debug|Any CPU
		{67006F9C-C1F3-494F-952C-248136B2587B}.Debug|Any CPU.Build.0 = Debug|Any CPU
		{67006F9C-C1F3-494F-952C-248136B2587B}.Release|Any CPU.ActiveCfg = Release|Any CPU
		{67006F9C-C1F3-494F-952C-248136B2587B}.Release|Any CPU.Build.0 = Release|Any CPU
		{E76BA304-02C3-44C3-B31E-14110D81F2A0}.Debug|Any CPU.ActiveCfg = Debug|Any CPU
		{E76BA304-02C3-44C3-B31E-14110D81F2A0}.Debug|Any CPU.Build.0 = Debug|Any CPU
		{E76BA304-02C3-44C3-B31E-14110D81F2A0}.Release|Any CPU.ActiveCfg = Release|Any CPU
		{E76BA304-02C3-44C3-B31E-14110D81F2A0}.Release|Any CPU.Build.0 = Release|Any CPU
		{CED33EAE-267B-488A-A20C-64287F4C2424}.Debug|Any CPU.ActiveCfg = Debug|Any CPU
		{CED33EAE-267B-488A-A20C-64287F4C2424}.Debug|Any CPU.Build.0 = Debug|Any CPU
		{CED33EAE-267B-488A-A20C-64287F4C2424}.Release|Any CPU.ActiveCfg = Release|Any CPU
		{CED33EAE-267B-488A-A20C-64287F4C2424}.Release|Any CPU.Build.0 = Release|Any CPU
		{6E976290-6DA9-4A8B-9BB8-39063ACFDFF9}.Debug|Any CPU.ActiveCfg = Debug|Any CPU
		{6E976290-6DA9-4A8B-9BB8-39063ACFDFF9}.Debug|Any CPU.Build.0 = Debug|Any CPU
		{6E976290-6DA9-4A8B-9BB8-39063ACFDFF9}.Release|Any CPU.ActiveCfg = Release|Any CPU
		{6E976290-6DA9-4A8B-9BB8-39063ACFDFF9}.Release|Any CPU.Build.0 = Release|Any CPU
		{BA64B2D6-3F1A-427B-92A8-B7B6FE828DF1}.Debug|Any CPU.ActiveCfg = Debug|Any CPU
		{BA64B2D6-3F1A-427B-92A8-B7B6FE828DF1}.Debug|Any CPU.Build.0 = Debug|Any CPU
		{BA64B2D6-3F1A-427B-92A8-B7B6FE828DF1}.Release|Any CPU.ActiveCfg = Release|Any CPU
		{BA64B2D6-3F1A-427B-92A8-B7B6FE828DF1}.Release|Any CPU.Build.0 = Release|Any CPU
		{EA232233-FC7B-4CA1-A2F1-0553FC1B7798}.Debug|Any CPU.ActiveCfg = Debug|Any CPU
		{EA232233-FC7B-4CA1-A2F1-0553FC1B7798}.Debug|Any CPU.Build.0 = Debug|Any CPU
		{EA232233-FC7B-4CA1-A2F1-0553FC1B7798}.Release|Any CPU.ActiveCfg = Release|Any CPU
		{EA232233-FC7B-4CA1-A2F1-0553FC1B7798}.Release|Any CPU.Build.0 = Release|Any CPU
		{5D7BB4AE-D463-4C8F-AB9A-BAA827ED969A}.Debug|Any CPU.ActiveCfg = Debug|Any CPU
		{5D7BB4AE-D463-4C8F-AB9A-BAA827ED969A}.Debug|Any CPU.Build.0 = Debug|Any CPU
		{5D7BB4AE-D463-4C8F-AB9A-BAA827ED969A}.Release|Any CPU.ActiveCfg = Release|Any CPU
		{5D7BB4AE-D463-4C8F-AB9A-BAA827ED969A}.Release|Any CPU.Build.0 = Release|Any CPU
		{219A304C-1EEA-4214-AF2A-B3FD264DCF86}.Debug|Any CPU.ActiveCfg = Debug|Any CPU
		{219A304C-1EEA-4214-AF2A-B3FD264DCF86}.Debug|Any CPU.Build.0 = Debug|Any CPU
		{219A304C-1EEA-4214-AF2A-B3FD264DCF86}.Release|Any CPU.ActiveCfg = Release|Any CPU
		{219A304C-1EEA-4214-AF2A-B3FD264DCF86}.Release|Any CPU.Build.0 = Release|Any CPU
		{ACF8144F-99C3-45E4-AC57-4E3AEE7B37E7}.Debug|Any CPU.ActiveCfg = Debug|Any CPU
		{ACF8144F-99C3-45E4-AC57-4E3AEE7B37E7}.Debug|Any CPU.Build.0 = Debug|Any CPU
		{ACF8144F-99C3-45E4-AC57-4E3AEE7B37E7}.Release|Any CPU.ActiveCfg = Release|Any CPU
		{ACF8144F-99C3-45E4-AC57-4E3AEE7B37E7}.Release|Any CPU.Build.0 = Release|Any CPU
		{81FD46EB-71D8-4012-B236-37B866A9CAE3}.Debug|Any CPU.ActiveCfg = Debug|Any CPU
		{81FD46EB-71D8-4012-B236-37B866A9CAE3}.Debug|Any CPU.Build.0 = Debug|Any CPU
		{81FD46EB-71D8-4012-B236-37B866A9CAE3}.Release|Any CPU.ActiveCfg = Release|Any CPU
		{81FD46EB-71D8-4012-B236-37B866A9CAE3}.Release|Any CPU.Build.0 = Release|Any CPU
		{3DCAB7AB-5B34-4102-90F8-E22BADCF4206}.Debug|Any CPU.ActiveCfg = Debug|Any CPU
		{3DCAB7AB-5B34-4102-90F8-E22BADCF4206}.Debug|Any CPU.Build.0 = Debug|Any CPU
		{3DCAB7AB-5B34-4102-90F8-E22BADCF4206}.Release|Any CPU.ActiveCfg = Release|Any CPU
		{3DCAB7AB-5B34-4102-90F8-E22BADCF4206}.Release|Any CPU.Build.0 = Release|Any CPU
		{E32BE813-FDA5-483D-A4D5-B4CF7AB88EC3}.Debug|Any CPU.ActiveCfg = Debug|Any CPU
		{E32BE813-FDA5-483D-A4D5-B4CF7AB88EC3}.Debug|Any CPU.Build.0 = Debug|Any CPU
		{E32BE813-FDA5-483D-A4D5-B4CF7AB88EC3}.Release|Any CPU.ActiveCfg = Release|Any CPU
		{E32BE813-FDA5-483D-A4D5-B4CF7AB88EC3}.Release|Any CPU.Build.0 = Release|Any CPU
		{987A4A30-DDA9-4A42-B018-709211F1D42D}.Debug|Any CPU.ActiveCfg = Debug|Any CPU
		{987A4A30-DDA9-4A42-B018-709211F1D42D}.Debug|Any CPU.Build.0 = Debug|Any CPU
		{987A4A30-DDA9-4A42-B018-709211F1D42D}.Release|Any CPU.ActiveCfg = Release|Any CPU
		{987A4A30-DDA9-4A42-B018-709211F1D42D}.Release|Any CPU.Build.0 = Release|Any CPU
		{BEC23B2F-8B76-4AE0-933D-CAFAFA5C7783}.Debug|Any CPU.ActiveCfg = Debug|Any CPU
		{BEC23B2F-8B76-4AE0-933D-CAFAFA5C7783}.Debug|Any CPU.Build.0 = Debug|Any CPU
		{BEC23B2F-8B76-4AE0-933D-CAFAFA5C7783}.Release|Any CPU.ActiveCfg = Release|Any CPU
		{BEC23B2F-8B76-4AE0-933D-CAFAFA5C7783}.Release|Any CPU.Build.0 = Release|Any CPU
		{96C9AB0B-E3BB-4FDD-89C7-5149DB387161}.Debug|Any CPU.ActiveCfg = Debug|Any CPU
		{96C9AB0B-E3BB-4FDD-89C7-5149DB387161}.Debug|Any CPU.Build.0 = Debug|Any CPU
		{96C9AB0B-E3BB-4FDD-89C7-5149DB387161}.Release|Any CPU.ActiveCfg = Release|Any CPU
		{96C9AB0B-E3BB-4FDD-89C7-5149DB387161}.Release|Any CPU.Build.0 = Release|Any CPU
		{8DADFFC5-FCEF-4E78-8C9B-837B04979529}.Debug|Any CPU.ActiveCfg = Debug|Any CPU
		{8DADFFC5-FCEF-4E78-8C9B-837B04979529}.Debug|Any CPU.Build.0 = Debug|Any CPU
		{8DADFFC5-FCEF-4E78-8C9B-837B04979529}.Release|Any CPU.ActiveCfg = Release|Any CPU
		{8DADFFC5-FCEF-4E78-8C9B-837B04979529}.Release|Any CPU.Build.0 = Release|Any CPU
		{61206F6D-0556-4CD3-A862-0AB2F94B7099}.Debug|Any CPU.ActiveCfg = Debug|Any CPU
		{61206F6D-0556-4CD3-A862-0AB2F94B7099}.Debug|Any CPU.Build.0 = Debug|Any CPU
		{61206F6D-0556-4CD3-A862-0AB2F94B7099}.Release|Any CPU.ActiveCfg = Release|Any CPU
		{61206F6D-0556-4CD3-A862-0AB2F94B7099}.Release|Any CPU.Build.0 = Release|Any CPU
		{5A8FB7B5-CF18-4F5C-B46C-95C9BAF8CF3D}.Debug|Any CPU.ActiveCfg = Debug|Any CPU
		{5A8FB7B5-CF18-4F5C-B46C-95C9BAF8CF3D}.Debug|Any CPU.Build.0 = Debug|Any CPU
		{5A8FB7B5-CF18-4F5C-B46C-95C9BAF8CF3D}.Release|Any CPU.ActiveCfg = Release|Any CPU
		{5A8FB7B5-CF18-4F5C-B46C-95C9BAF8CF3D}.Release|Any CPU.Build.0 = Release|Any CPU
		{4388F2E9-C6AB-4E1E-9FF3-32E1E0C4DD8E}.Debug|Any CPU.ActiveCfg = Debug|Any CPU
		{4388F2E9-C6AB-4E1E-9FF3-32E1E0C4DD8E}.Debug|Any CPU.Build.0 = Debug|Any CPU
		{4388F2E9-C6AB-4E1E-9FF3-32E1E0C4DD8E}.Release|Any CPU.ActiveCfg = Release|Any CPU
		{4388F2E9-C6AB-4E1E-9FF3-32E1E0C4DD8E}.Release|Any CPU.Build.0 = Release|Any CPU
		{D7F055EC-6C68-41D9-8B71-219D3D372C43}.Debug|Any CPU.ActiveCfg = Debug|Any CPU
		{D7F055EC-6C68-41D9-8B71-219D3D372C43}.Debug|Any CPU.Build.0 = Debug|Any CPU
		{D7F055EC-6C68-41D9-8B71-219D3D372C43}.Release|Any CPU.ActiveCfg = Release|Any CPU
		{D7F055EC-6C68-41D9-8B71-219D3D372C43}.Release|Any CPU.Build.0 = Release|Any CPU
		{0E513DFF-1DD5-4F0E-ACF0-8A46D74D9BD5}.Debug|Any CPU.ActiveCfg = Debug|Any CPU
		{0E513DFF-1DD5-4F0E-ACF0-8A46D74D9BD5}.Debug|Any CPU.Build.0 = Debug|Any CPU
		{0E513DFF-1DD5-4F0E-ACF0-8A46D74D9BD5}.Release|Any CPU.ActiveCfg = Release|Any CPU
		{0E513DFF-1DD5-4F0E-ACF0-8A46D74D9BD5}.Release|Any CPU.Build.0 = Release|Any CPU
		{6E470F8E-38B1-4CE4-A488-1E345E4D4EFD}.Debug|Any CPU.ActiveCfg = Debug|Any CPU
		{6E470F8E-38B1-4CE4-A488-1E345E4D4EFD}.Debug|Any CPU.Build.0 = Debug|Any CPU
		{6E470F8E-38B1-4CE4-A488-1E345E4D4EFD}.Release|Any CPU.ActiveCfg = Release|Any CPU
		{6E470F8E-38B1-4CE4-A488-1E345E4D4EFD}.Release|Any CPU.Build.0 = Release|Any CPU
		{0C54AF88-E74E-419C-B0E7-FE364794BD9C}.Debug|Any CPU.ActiveCfg = Debug|Any CPU
		{0C54AF88-E74E-419C-B0E7-FE364794BD9C}.Debug|Any CPU.Build.0 = Debug|Any CPU
		{0C54AF88-E74E-419C-B0E7-FE364794BD9C}.Release|Any CPU.ActiveCfg = Release|Any CPU
		{0C54AF88-E74E-419C-B0E7-FE364794BD9C}.Release|Any CPU.Build.0 = Release|Any CPU
		{901F70E5-9298-4983-B8BF-2A0A81AE2BB3}.Debug|Any CPU.ActiveCfg = Debug|Any CPU
		{901F70E5-9298-4983-B8BF-2A0A81AE2BB3}.Debug|Any CPU.Build.0 = Debug|Any CPU
		{901F70E5-9298-4983-B8BF-2A0A81AE2BB3}.Release|Any CPU.ActiveCfg = Release|Any CPU
		{901F70E5-9298-4983-B8BF-2A0A81AE2BB3}.Release|Any CPU.Build.0 = Release|Any CPU
		{3314DDA6-1C17-479D-851D-95685B778751}.Debug|Any CPU.ActiveCfg = Debug|Any CPU
		{3314DDA6-1C17-479D-851D-95685B778751}.Debug|Any CPU.Build.0 = Debug|Any CPU
		{3314DDA6-1C17-479D-851D-95685B778751}.Release|Any CPU.ActiveCfg = Release|Any CPU
		{3314DDA6-1C17-479D-851D-95685B778751}.Release|Any CPU.Build.0 = Release|Any CPU
		{5E25F915-05E0-443C-920A-41614937FF4D}.Debug|Any CPU.ActiveCfg = Debug|Any CPU
		{5E25F915-05E0-443C-920A-41614937FF4D}.Debug|Any CPU.Build.0 = Debug|Any CPU
		{5E25F915-05E0-443C-920A-41614937FF4D}.Release|Any CPU.ActiveCfg = Release|Any CPU
		{5E25F915-05E0-443C-920A-41614937FF4D}.Release|Any CPU.Build.0 = Release|Any CPU
		{9FD26B34-00D6-4EE5-90CE-FDA16F47EACC}.Debug|Any CPU.ActiveCfg = Debug|Any CPU
		{9FD26B34-00D6-4EE5-90CE-FDA16F47EACC}.Debug|Any CPU.Build.0 = Debug|Any CPU
		{9FD26B34-00D6-4EE5-90CE-FDA16F47EACC}.Release|Any CPU.ActiveCfg = Release|Any CPU
		{9FD26B34-00D6-4EE5-90CE-FDA16F47EACC}.Release|Any CPU.Build.0 = Release|Any CPU
		{E523FCEF-E08D-43CD-A8F9-BE4225AC33AC}.Debug|Any CPU.ActiveCfg = Debug|Any CPU
		{E523FCEF-E08D-43CD-A8F9-BE4225AC33AC}.Debug|Any CPU.Build.0 = Debug|Any CPU
		{E523FCEF-E08D-43CD-A8F9-BE4225AC33AC}.Release|Any CPU.ActiveCfg = Release|Any CPU
		{E523FCEF-E08D-43CD-A8F9-BE4225AC33AC}.Release|Any CPU.Build.0 = Release|Any CPU
		{20C4F81B-9BC0-426A-A233-A269D294AB80}.Debug|Any CPU.ActiveCfg = Debug|Any CPU
		{20C4F81B-9BC0-426A-A233-A269D294AB80}.Debug|Any CPU.Build.0 = Debug|Any CPU
		{20C4F81B-9BC0-426A-A233-A269D294AB80}.Release|Any CPU.ActiveCfg = Release|Any CPU
		{20C4F81B-9BC0-426A-A233-A269D294AB80}.Release|Any CPU.Build.0 = Release|Any CPU
	EndGlobalSection
	GlobalSection(SolutionProperties) = preSolution
		HideSolutionNode = FALSE
	EndGlobalSection
	GlobalSection(ExtensibilityGlobals) = postSolution
		SolutionGuid = {1B0C0713-D75E-44F8-B164-AE29CAFE8D36}
	EndGlobalSection
EndGlobal
